
Microsoft Visual Studio Solution File, Format Version 12.00
# Visual Studio 2012
Project("{8BC9CEB8-8B4A-11D0-8D11-00A0C91BC942}") = "Harj6", "Harj6\Harj6.vcxproj", "{E9189E94-9A08-4612-85EB-A40CE8FFA740}"
EndProject
Global
	GlobalSection(SolutionConfigurationPlatforms) = preSolution
		Debug|Win32 = Debug|Win32
		Release|Win32 = Release|Win32
	EndGlobalSection
	GlobalSection(ProjectConfigurationPlatforms) = postSolution
		{E9189E94-9A08-4612-85EB-A40CE8FFA740}.Debug|Win32.ActiveCfg = Debug|Win32
		{E9189E94-9A08-4612-85EB-A40CE8FFA740}.Debug|Win32.Build.0 = Debug|Win32
		{E9189E94-9A08-4612-85EB-A40CE8FFA740}.Release|Win32.ActiveCfg = Release|Win32
		{E9189E94-9A08-4612-85EB-A40CE8FFA740}.Release|Win32.Build.0 = Release|Win32
	EndGlobalSection
	GlobalSection(SolutionProperties) = preSolution
		HideSolutionNode = FALSE
	EndGlobalSection
EndGlobal
